
Microsoft Visual Studio Solution File, Format Version 12.00
# Visual Studio 15
VisualStudioVersion = 15.0.27428.2037
MinimumVisualStudioVersion = 10.0.40219.1
Project("{9A19103F-16F7-4668-BE54-9A1E7A4F7556}") = "L01_Sort_persons_by_name_and_age", "L01_Sort_persons_by_name_and_age\L01_Sort_persons_by_name_and_age.csproj", "{FBECEABA-B7E6-4202-BE04-816ED4398E1E}"
EndProject
Project("{FAE04EC0-301F-11D3-BF4B-00C04F79EFBC}") = "P01_Class_Box", "P01_Class_Box\P01_Class_Box.csproj", "{430AD7D2-3FBA-430A-9124-390842A651E7}"
EndProject
Project("{9A19103F-16F7-4668-BE54-9A1E7A4F7556}") = "AnimalFarm", "AnimalFarm\AnimalFarm.csproj", "{88363C68-F773-4A21-AD31-6EB03EE05073}"
EndProject
Global
	GlobalSection(SolutionConfigurationPlatforms) = preSolution
		Debug|Any CPU = Debug|Any CPU
		Release|Any CPU = Release|Any CPU
	EndGlobalSection
	GlobalSection(ProjectConfigurationPlatforms) = postSolution
		{FBECEABA-B7E6-4202-BE04-816ED4398E1E}.Debug|Any CPU.ActiveCfg = Debug|Any CPU
		{FBECEABA-B7E6-4202-BE04-816ED4398E1E}.Debug|Any CPU.Build.0 = Debug|Any CPU
		{FBECEABA-B7E6-4202-BE04-816ED4398E1E}.Release|Any CPU.ActiveCfg = Release|Any CPU
		{FBECEABA-B7E6-4202-BE04-816ED4398E1E}.Release|Any CPU.Build.0 = Release|Any CPU
		{430AD7D2-3FBA-430A-9124-390842A651E7}.Debug|Any CPU.ActiveCfg = Debug|Any CPU
		{430AD7D2-3FBA-430A-9124-390842A651E7}.Debug|Any CPU.Build.0 = Debug|Any CPU
		{430AD7D2-3FBA-430A-9124-390842A651E7}.Release|Any CPU.ActiveCfg = Release|Any CPU
		{430AD7D2-3FBA-430A-9124-390842A651E7}.Release|Any CPU.Build.0 = Release|Any CPU
		{88363C68-F773-4A21-AD31-6EB03EE05073}.Debug|Any CPU.ActiveCfg = Debug|Any CPU
		{88363C68-F773-4A21-AD31-6EB03EE05073}.Debug|Any CPU.Build.0 = Debug|Any CPU
		{88363C68-F773-4A21-AD31-6EB03EE05073}.Release|Any CPU.ActiveCfg = Release|Any CPU
		{88363C68-F773-4A21-AD31-6EB03EE05073}.Release|Any CPU.Build.0 = Release|Any CPU
	EndGlobalSection
	GlobalSection(SolutionProperties) = preSolution
		HideSolutionNode = FALSE
	EndGlobalSection
	GlobalSection(ExtensibilityGlobals) = postSolution
		SolutionGuid = {8802DC47-1A9D-4A60-93C2-25F2FBBB3AD0}
	EndGlobalSection
EndGlobal
